{
  "name": "orchardcore.markdown",
  "version": "1.0.0",
  "lockfileVersion": 2,
  "requires": true,
  "packages": {
    "": {
      "name": "orchardcore.markdown",
      "version": "1.0.0",
      "dependencies": {
        "bootstrap": "5.3.3",
        "easymde": "2.19.0"
      }
    },
    "node_modules/@popperjs/core": {
      "version": "2.11.8",
      "resolved": "https://registry.npmjs.org/@popperjs/core/-/core-2.11.8.tgz",
      "integrity": "sha512-P1st0aksCrn9sGZhp8GMYwBnQsbvAWsZAX44oXNNvLHGqAOcoVxmjZiohstwQ7SqKnbR47akdNi+uleWD8+g6A==",
      "peer": true,
      "funding": {
        "type": "opencollective",
        "url": "https://opencollective.com/popperjs"
      }
    },
    "node_modules/@types/codemirror": {
      "version": "5.60.15",
      "resolved": "https://registry.npmjs.org/@types/codemirror/-/codemirror-5.60.15.tgz",
      "integrity": "sha512-dTOvwEQ+ouKJ/rE9LT1Ue2hmP6H1mZv5+CCnNWu2qtiOe2LQa9lCprEY20HxiDmV/Bxh+dXjywmy5aKvoGjULA==",
      "license": "MIT",
      "dependencies": {
        "@types/tern": "*"
      }
    },
    "node_modules/@types/estree": {
      "version": "1.0.6",
      "resolved": "https://registry.npmjs.org/@types/estree/-/estree-1.0.6.tgz",
      "integrity": "sha512-AYnb1nQyY49te+VRAVgmzfcgjYS91mY5P0TKUDCLEM+gNnA+3T6rWITXRLYCpahpqSQbN5cE+gHpnPyXjHWxcw==",
      "license": "MIT"
    },
    "node_modules/@types/marked": {
      "version": "4.0.7",
      "resolved": "https://registry.npmjs.org/@types/marked/-/marked-4.0.7.tgz",
      "integrity": "sha512-eEAhnz21CwvKVW+YvRvcTuFKNU9CV1qH+opcgVK3pIMI6YZzDm6gc8o2vHjldFk6MGKt5pueSB7IOpvpx5Qekw=="
    },
    "node_modules/@types/tern": {
      "version": "0.23.9",
      "resolved": "https://registry.npmjs.org/@types/tern/-/tern-0.23.9.tgz",
      "integrity": "sha512-ypzHFE/wBzh+BlH6rrBgS5I/Z7RD21pGhZ2rltb/+ZrVM1awdZwjx7hE5XfuYgHWk9uvV5HLZN3SloevCAp3Bw==",
      "license": "MIT",
      "dependencies": {
        "@types/estree": "*"
      }
    },
    "node_modules/bootstrap": {
      "version": "5.3.3",
      "resolved": "https://registry.npmjs.org/bootstrap/-/bootstrap-5.3.3.tgz",
      "integrity": "sha512-8HLCdWgyoMguSO9o+aH+iuZ+aht+mzW0u3HIMzVu7Srrpv7EBBxTnrFlSCskwdY1+EOFQSm7uMJhNQHkdPcmjg==",
      "funding": [
        {
          "type": "github",
          "url": "https://github.com/sponsors/twbs"
        },
        {
          "type": "opencollective",
          "url": "https://opencollective.com/bootstrap"
        }
      ],
      "peerDependencies": {
        "@popperjs/core": "^2.11.8"
      }
    },
    "node_modules/codemirror": {
      "version": "5.65.18",
      "resolved": "https://registry.npmjs.org/codemirror/-/codemirror-5.65.18.tgz",
      "integrity": "sha512-Gaz4gHnkbHMGgahNt3CA5HBk5lLQBqmD/pBgeB4kQU6OedZmqMBjlRF0LSrp2tJ4wlLNPm2FfaUd1pDy0mdlpA==",
      "license": "MIT"
    },
    "node_modules/codemirror-spell-checker": {
      "version": "1.1.2",
      "resolved": "https://registry.npmjs.org/codemirror-spell-checker/-/codemirror-spell-checker-1.1.2.tgz",
      "integrity": "sha1-HGYPkIlIPMtRE7m6nKGcP0mTNx4=",
      "dependencies": {
        "typo-js": "*"
      }
    },
    "node_modules/easymde": {
      "version": "2.19.0",
      "resolved": "https://registry.npmjs.org/easymde/-/easymde-2.19.0.tgz",
      "integrity": "sha512-4F1aNImqse+9xIjLh9ttfpOVenecjFPxUmKbl1tGp72Z+OyIqLZPE/SgNyy88c/xU0mOy0WC3+tfbZDQ5PDWhg==",
      "license": "MIT",
      "dependencies": {
        "@types/codemirror": "^5.60.10",
        "@types/marked": "^4.0.7",
        "codemirror": "^5.65.15",
        "codemirror-spell-checker": "1.1.2",
        "marked": "^4.1.0"
      }
    },
    "node_modules/marked": {
      "version": "4.1.0",
      "resolved": "https://registry.npmjs.org/marked/-/marked-4.1.0.tgz",
      "integrity": "sha512-+Z6KDjSPa6/723PQYyc1axYZpYYpDnECDaU6hkaf5gqBieBkMKYReL5hteF2QizhlMbgbo8umXl/clZ67+GlsA==",
      "bin": {
        "marked": "bin/marked.js"
      },
      "engines": {
        "node": ">= 12"
      }
    },
    "node_modules/typo-js": {
      "version": "1.2.1",
      "resolved": "https://registry.npmjs.org/typo-js/-/typo-js-1.2.1.tgz",
      "integrity": "sha512-bTGLjbD3WqZDR3CgEFkyi9Q/SS2oM29ipXrWfDb4M74ea69QwKAECVceYpaBu0GfdnASMg9Qfl67ttB23nePHg=="
    }
  },
  "dependencies": {
    "@popperjs/core": {
      "version": "2.11.8",
      "resolved": "https://registry.npmjs.org/@popperjs/core/-/core-2.11.8.tgz",
      "integrity": "sha512-P1st0aksCrn9sGZhp8GMYwBnQsbvAWsZAX44oXNNvLHGqAOcoVxmjZiohstwQ7SqKnbR47akdNi+uleWD8+g6A==",
      "peer": true
    },
    "@types/codemirror": {
      "version": "5.60.15",
      "resolved": "https://registry.npmjs.org/@types/codemirror/-/codemirror-5.60.15.tgz",
      "integrity": "sha512-dTOvwEQ+ouKJ/rE9LT1Ue2hmP6H1mZv5+CCnNWu2qtiOe2LQa9lCprEY20HxiDmV/Bxh+dXjywmy5aKvoGjULA==",
      "requires": {
        "@types/tern": "*"
      }
    },
    "@types/estree": {
      "version": "1.0.6",
      "resolved": "https://registry.npmjs.org/@types/estree/-/estree-1.0.6.tgz",
      "integrity": "sha512-AYnb1nQyY49te+VRAVgmzfcgjYS91mY5P0TKUDCLEM+gNnA+3T6rWITXRLYCpahpqSQbN5cE+gHpnPyXjHWxcw=="
    },
    "@types/marked": {
      "version": "4.0.7",
      "resolved": "https://registry.npmjs.org/@types/marked/-/marked-4.0.7.tgz",
      "integrity": "sha512-eEAhnz21CwvKVW+YvRvcTuFKNU9CV1qH+opcgVK3pIMI6YZzDm6gc8o2vHjldFk6MGKt5pueSB7IOpvpx5Qekw=="
    },
    "@types/tern": {
      "version": "0.23.9",
      "resolved": "https://registry.npmjs.org/@types/tern/-/tern-0.23.9.tgz",
      "integrity": "sha512-ypzHFE/wBzh+BlH6rrBgS5I/Z7RD21pGhZ2rltb/+ZrVM1awdZwjx7hE5XfuYgHWk9uvV5HLZN3SloevCAp3Bw==",
      "requires": {
        "@types/estree": "*"
      }
    },
    "bootstrap": {
      "version": "5.3.3",
      "resolved": "https://registry.npmjs.org/bootstrap/-/bootstrap-5.3.3.tgz",
      "integrity": "sha512-8HLCdWgyoMguSO9o+aH+iuZ+aht+mzW0u3HIMzVu7Srrpv7EBBxTnrFlSCskwdY1+EOFQSm7uMJhNQHkdPcmjg==",
      "requires": {}
    },
    "codemirror": {
      "version": "5.65.18",
      "resolved": "https://registry.npmjs.org/codemirror/-/codemirror-5.65.18.tgz",
      "integrity": "sha512-Gaz4gHnkbHMGgahNt3CA5HBk5lLQBqmD/pBgeB4kQU6OedZmqMBjlRF0LSrp2tJ4wlLNPm2FfaUd1pDy0mdlpA=="
    },
    "codemirror-spell-checker": {
      "version": "1.1.2",
      "resolved": "https://registry.npmjs.org/codemirror-spell-checker/-/codemirror-spell-checker-1.1.2.tgz",
      "integrity": "sha1-HGYPkIlIPMtRE7m6nKGcP0mTNx4=",
      "requires": {
        "typo-js": "*"
      }
    },
    "easymde": {
      "version": "2.19.0",
      "resolved": "https://registry.npmjs.org/easymde/-/easymde-2.19.0.tgz",
      "integrity": "sha512-4F1aNImqse+9xIjLh9ttfpOVenecjFPxUmKbl1tGp72Z+OyIqLZPE/SgNyy88c/xU0mOy0WC3+tfbZDQ5PDWhg==",
      "requires": {
        "@types/codemirror": "^5.60.10",
        "@types/marked": "^4.0.7",
        "codemirror": "^5.65.15",
        "codemirror-spell-checker": "1.1.2",
        "marked": "^4.1.0"
      }
    },
    "marked": {
      "version": "4.1.0",
      "resolved": "https://registry.npmjs.org/marked/-/marked-4.1.0.tgz",
      "integrity": "sha512-+Z6KDjSPa6/723PQYyc1axYZpYYpDnECDaU6hkaf5gqBieBkMKYReL5hteF2QizhlMbgbo8umXl/clZ67+GlsA=="
    },
    "typo-js": {
      "version": "1.2.1",
      "resolved": "https://registry.npmjs.org/typo-js/-/typo-js-1.2.1.tgz",
      "integrity": "sha512-bTGLjbD3WqZDR3CgEFkyi9Q/SS2oM29ipXrWfDb4M74ea69QwKAECVceYpaBu0GfdnASMg9Qfl67ttB23nePHg=="
    }
  }
}
